
Microsoft Visual Studio Solution File, Format Version 12.00
# Visual Studio 2013
VisualStudioVersion = 12.0.40629.0
MinimumVisualStudioVersion = 10.0.40219.1
Project("{FAE04EC0-301F-11D3-BF4B-00C04F79EFBC}") = "ListviewApp", "ListviewApp\ListviewApp.csproj", "{310775E4-4A9F-41B1-A9D6-354D61F63962}"
EndProject
Project("{FAE04EC0-301F-11D3-BF4B-00C04F79EFBC}") = "ListViewAppOzel", "ListViewAppOzel\ListViewAppOzel.csproj", "{E564F614-3FAB-469B-9B97-E9E149623059}"
EndProject
Global
	GlobalSection(SolutionConfigurationPlatforms) = preSolution
		Debug|Any CPU = Debug|Any CPU
		Debug|ARM = Debug|ARM
		Debug|x64 = Debug|x64
		Debug|x86 = Debug|x86
		Release|Any CPU = Release|Any CPU
		Release|ARM = Release|ARM
		Release|x64 = Release|x64
		Release|x86 = Release|x86
	EndGlobalSection
	GlobalSection(ProjectConfigurationPlatforms) = postSolution
		{310775E4-4A9F-41B1-A9D6-354D61F63962}.Debug|Any CPU.ActiveCfg = Debug|Any CPU
		{310775E4-4A9F-41B1-A9D6-354D61F63962}.Debug|Any CPU.Build.0 = Debug|Any CPU
		{310775E4-4A9F-41B1-A9D6-354D61F63962}.Debug|Any CPU.Deploy.0 = Debug|Any CPU
		{310775E4-4A9F-41B1-A9D6-354D61F63962}.Debug|ARM.ActiveCfg = Debug|Any CPU
		{310775E4-4A9F-41B1-A9D6-354D61F63962}.Debug|x64.ActiveCfg = Debug|Any CPU
		{310775E4-4A9F-41B1-A9D6-354D61F63962}.Debug|x86.ActiveCfg = Debug|Any CPU
		{310775E4-4A9F-41B1-A9D6-354D61F63962}.Release|Any CPU.ActiveCfg = Release|Any CPU
		{310775E4-4A9F-41B1-A9D6-354D61F63962}.Release|Any CPU.Build.0 = Release|Any CPU
		{310775E4-4A9F-41B1-A9D6-354D61F63962}.Release|Any CPU.Deploy.0 = Release|Any CPU
		{310775E4-4A9F-41B1-A9D6-354D61F63962}.Release|ARM.ActiveCfg = Release|Any CPU
		{310775E4-4A9F-41B1-A9D6-354D61F63962}.Release|x64.ActiveCfg = Release|Any CPU
		{310775E4-4A9F-41B1-A9D6-354D61F63962}.Release|x86.ActiveCfg = Release|Any CPU
		{E564F614-3FAB-469B-9B97-E9E149623059}.Debug|Any CPU.ActiveCfg = Debug|Any CPU
		{E564F614-3FAB-469B-9B97-E9E149623059}.Debug|Any CPU.Build.0 = Debug|Any CPU
		{E564F614-3FAB-469B-9B97-E9E149623059}.Debug|Any CPU.Deploy.0 = Debug|Any CPU
		{E564F614-3FAB-469B-9B97-E9E149623059}.Debug|ARM.ActiveCfg = Debug|Any CPU
		{E564F614-3FAB-469B-9B97-E9E149623059}.Debug|x64.ActiveCfg = Debug|Any CPU
		{E564F614-3FAB-469B-9B97-E9E149623059}.Debug|x86.ActiveCfg = Debug|Any CPU
		{E564F614-3FAB-469B-9B97-E9E149623059}.Release|Any CPU.ActiveCfg = Release|Any CPU
		{E564F614-3FAB-469B-9B97-E9E149623059}.Release|Any CPU.Build.0 = Release|Any CPU
		{E564F614-3FAB-469B-9B97-E9E149623059}.Release|Any CPU.Deploy.0 = Release|Any CPU
		{E564F614-3FAB-469B-9B97-E9E149623059}.Release|ARM.ActiveCfg = Release|Any CPU
		{E564F614-3FAB-469B-9B97-E9E149623059}.Release|x64.ActiveCfg = Release|Any CPU
		{E564F614-3FAB-469B-9B97-E9E149623059}.Release|x86.ActiveCfg = Release|Any CPU
	EndGlobalSection
	GlobalSection(SolutionProperties) = preSolution
		HideSolutionNode = FALSE
	EndGlobalSection
EndGlobal
